
Microsoft Visual Studio Solution File, Format Version 12.00
# Visual Studio Version 17
VisualStudioVersion = 17.0.31903.59
MinimumVisualStudioVersion = 10.0.40219.1
Project("{2150E333-8FDC-42A3-9474-1A3956D46DE8}") = "src", "src", "{827E0CD3-B72D-47B6-A68D-7590B98EB39B}"
EndProject
Project("{FAE04EC0-301F-11D3-BF4B-00C04F79EFBC}") = "Jobeats.Core", "src\Jobeats.Core\Jobeats.Core.csproj", "{8C419F92-B45F-452B-9B58-DDD7D73595CA}"
EndProject
Project("{FAE04EC0-301F-11D3-BF4B-00C04F79EFBC}") = "Jobeats.Application", "src\Jobeats.Application\Jobeats.Application.csproj", "{66B2595B-03AD-4FE4-B79B-5B4647986A98}"
EndProject
Project("{FAE04EC0-301F-11D3-BF4B-00C04F79EFBC}") = "Jobeats.Infrastructure", "src\Jobeats.Infrastructure\Jobeats.Infrastructure.csproj", "{E6E29032-D46D-478D-8A48-6A2640DA2F49}"
EndProject
Project("{FAE04EC0-301F-11D3-BF4B-00C04F79EFBC}") = "Jobeats.Api", "src\Jobeats.Api\Jobeats.Api.csproj", "{259D9098-BF49-4FDD-857D-BFB612151359}"
EndProject
Project("{2150E333-8FDC-42A3-9474-1A3956D46DE8}") = "tests", "tests", "{0AB3BF05-4346-4AA6-1389-037BE0695223}"
EndProject
Project("{FAE04EC0-301F-11D3-BF4B-00C04F79EFBC}") = "Jobeats.UnitTests", "tests\Jobeats.UnitTests\Jobeats.UnitTests.csproj", "{D9D47A31-6A53-4DEB-9D15-AC41482843F8}"
EndProject
Project("{FAE04EC0-301F-11D3-BF4B-00C04F79EFBC}") = "Jobeats.IntegrationTests", "tests\Jobeats.IntegrationTests\Jobeats.IntegrationTests.csproj", "{91B1AD02-BD73-4B37-BCF6-8167B406552B}"
EndProject
Global
	GlobalSection(SolutionConfigurationPlatforms) = preSolution
		Debug|Any CPU = Debug|Any CPU
		Debug|x64 = Debug|x64
		Debug|x86 = Debug|x86
		Release|Any CPU = Release|Any CPU
		Release|x64 = Release|x64
		Release|x86 = Release|x86
	EndGlobalSection
	GlobalSection(ProjectConfigurationPlatforms) = postSolution
		{8C419F92-B45F-452B-9B58-DDD7D73595CA}.Debug|Any CPU.ActiveCfg = Debug|Any CPU
		{8C419F92-B45F-452B-9B58-DDD7D73595CA}.Debug|Any CPU.Build.0 = Debug|Any CPU
		{8C419F92-B45F-452B-9B58-DDD7D73595CA}.Debug|x64.ActiveCfg = Debug|Any CPU
		{8C419F92-B45F-452B-9B58-DDD7D73595CA}.Debug|x64.Build.0 = Debug|Any CPU
		{8C419F92-B45F-452B-9B58-DDD7D73595CA}.Debug|x86.ActiveCfg = Debug|Any CPU
		{8C419F92-B45F-452B-9B58-DDD7D73595CA}.Debug|x86.Build.0 = Debug|Any CPU
		{8C419F92-B45F-452B-9B58-DDD7D73595CA}.Release|Any CPU.ActiveCfg = Release|Any CPU
		{8C419F92-B45F-452B-9B58-DDD7D73595CA}.Release|Any CPU.Build.0 = Release|Any CPU
		{8C419F92-B45F-452B-9B58-DDD7D73595CA}.Release|x64.ActiveCfg = Release|Any CPU
		{8C419F92-B45F-452B-9B58-DDD7D73595CA}.Release|x64.Build.0 = Release|Any CPU
		{8C419F92-B45F-452B-9B58-DDD7D73595CA}.Release|x86.ActiveCfg = Release|Any CPU
		{8C419F92-B45F-452B-9B58-DDD7D73595CA}.Release|x86.Build.0 = Release|Any CPU
		{66B2595B-03AD-4FE4-B79B-5B4647986A98}.Debug|Any CPU.ActiveCfg = Debug|Any CPU
		{66B2595B-03AD-4FE4-B79B-5B4647986A98}.Debug|Any CPU.Build.0 = Debug|Any CPU
		{66B2595B-03AD-4FE4-B79B-5B4647986A98}.Debug|x64.ActiveCfg = Debug|Any CPU
		{66B2595B-03AD-4FE4-B79B-5B4647986A98}.Debug|x64.Build.0 = Debug|Any CPU
		{66B2595B-03AD-4FE4-B79B-5B4647986A98}.Debug|x86.ActiveCfg = Debug|Any CPU
		{66B2595B-03AD-4FE4-B79B-5B4647986A98}.Debug|x86.Build.0 = Debug|Any CPU
		{66B2595B-03AD-4FE4-B79B-5B4647986A98}.Release|Any CPU.ActiveCfg = Release|Any CPU
		{66B2595B-03AD-4FE4-B79B-5B4647986A98}.Release|Any CPU.Build.0 = Release|Any CPU
		{66B2595B-03AD-4FE4-B79B-5B4647986A98}.Release|x64.ActiveCfg = Release|Any CPU
		{66B2595B-03AD-4FE4-B79B-5B4647986A98}.Release|x64.Build.0 = Release|Any CPU
		{66B2595B-03AD-4FE4-B79B-5B4647986A98}.Release|x86.ActiveCfg = Release|Any CPU
		{66B2595B-03AD-4FE4-B79B-5B4647986A98}.Release|x86.Build.0 = Release|Any CPU
		{E6E29032-D46D-478D-8A48-6A2640DA2F49}.Debug|Any CPU.ActiveCfg = Debug|Any CPU
		{E6E29032-D46D-478D-8A48-6A2640DA2F49}.Debug|Any CPU.Build.0 = Debug|Any CPU
		{E6E29032-D46D-478D-8A48-6A2640DA2F49}.Debug|x64.ActiveCfg = Debug|Any CPU
		{E6E29032-D46D-478D-8A48-6A2640DA2F49}.Debug|x64.Build.0 = Debug|Any CPU
		{E6E29032-D46D-478D-8A48-6A2640DA2F49}.Debug|x86.ActiveCfg = Debug|Any CPU
		{E6E29032-D46D-478D-8A48-6A2640DA2F49}.Debug|x86.Build.0 = Debug|Any CPU
		{E6E29032-D46D-478D-8A48-6A2640DA2F49}.Release|Any CPU.ActiveCfg = Release|Any CPU
		{E6E29032-D46D-478D-8A48-6A2640DA2F49}.Release|Any CPU.Build.0 = Release|Any CPU
		{E6E29032-D46D-478D-8A48-6A2640DA2F49}.Release|x64.ActiveCfg = Release|Any CPU
		{E6E29032-D46D-478D-8A48-6A2640DA2F49}.Release|x64.Build.0 = Release|Any CPU
		{E6E29032-D46D-478D-8A48-6A2640DA2F49}.Release|x86.ActiveCfg = Release|Any CPU
		{E6E29032-D46D-478D-8A48-6A2640DA2F49}.Release|x86.Build.0 = Release|Any CPU
		{259D9098-BF49-4FDD-857D-BFB612151359}.Debug|Any CPU.ActiveCfg = Debug|Any CPU
		{259D9098-BF49-4FDD-857D-BFB612151359}.Debug|Any CPU.Build.0 = Debug|Any CPU
		{259D9098-BF49-4FDD-857D-BFB612151359}.Debug|x64.ActiveCfg = Debug|Any CPU
		{259D9098-BF49-4FDD-857D-BFB612151359}.Debug|x64.Build.0 = Debug|Any CPU
		{259D9098-BF49-4FDD-857D-BFB612151359}.Debug|x86.ActiveCfg = Debug|Any CPU
		{259D9098-BF49-4FDD-857D-BFB612151359}.Debug|x86.Build.0 = Debug|Any CPU
		{259D9098-BF49-4FDD-857D-BFB612151359}.Release|Any CPU.ActiveCfg = Release|Any CPU
		{259D9098-BF49-4FDD-857D-BFB612151359}.Release|Any CPU.Build.0 = Release|Any CPU
		{259D9098-BF49-4FDD-857D-BFB612151359}.Release|x64.ActiveCfg = Release|Any CPU
		{259D9098-BF49-4FDD-857D-BFB612151359}.Release|x64.Build.0 = Release|Any CPU
		{259D9098-BF49-4FDD-857D-BFB612151359}.Release|x86.ActiveCfg = Release|Any CPU
		{259D9098-BF49-4FDD-857D-BFB612151359}.Release|x86.Build.0 = Release|Any CPU
		{D9D47A31-6A53-4DEB-9D15-AC41482843F8}.Debug|Any CPU.ActiveCfg = Debug|Any CPU
		{D9D47A31-6A53-4DEB-9D15-AC41482843F8}.Debug|Any CPU.Build.0 = Debug|Any CPU
		{D9D47A31-6A53-4DEB-9D15-AC41482843F8}.Debug|x64.ActiveCfg = Debug|Any CPU
		{D9D47A31-6A53-4DEB-9D15-AC41482843F8}.Debug|x64.Build.0 = Debug|Any CPU
		{D9D47A31-6A53-4DEB-9D15-AC41482843F8}.Debug|x86.ActiveCfg = Debug|Any CPU
		{D9D47A31-6A53-4DEB-9D15-AC41482843F8}.Debug|x86.Build.0 = Debug|Any CPU
		{D9D47A31-6A53-4DEB-9D15-AC41482843F8}.Release|Any CPU.ActiveCfg = Release|Any CPU
		{D9D47A31-6A53-4DEB-9D15-AC41482843F8}.Release|Any CPU.Build.0 = Release|Any CPU
		{D9D47A31-6A53-4DEB-9D15-AC41482843F8}.Release|x64.ActiveCfg = Release|Any CPU
		{D9D47A31-6A53-4DEB-9D15-AC41482843F8}.Release|x64.Build.0 = Release|Any CPU
		{D9D47A31-6A53-4DEB-9D15-AC41482843F8}.Release|x86.ActiveCfg = Release|Any CPU
		{D9D47A31-6A53-4DEB-9D15-AC41482843F8}.Release|x86.Build.0 = Release|Any CPU
		{91B1AD02-BD73-4B37-BCF6-8167B406552B}.Debug|Any CPU.ActiveCfg = Debug|Any CPU
		{91B1AD02-BD73-4B37-BCF6-8167B406552B}.Debug|Any CPU.Build.0 = Debug|Any CPU
		{91B1AD02-BD73-4B37-BCF6-8167B406552B}.Debug|x64.ActiveCfg = Debug|Any CPU
		{91B1AD02-BD73-4B37-BCF6-8167B406552B}.Debug|x64.Build.0 = Debug|Any CPU
		{91B1AD02-BD73-4B37-BCF6-8167B406552B}.Debug|x86.ActiveCfg = Debug|Any CPU
		{91B1AD02-BD73-4B37-BCF6-8167B406552B}.Debug|x86.Build.0 = Debug|Any CPU
		{91B1AD02-BD73-4B37-BCF6-8167B406552B}.Release|Any CPU.ActiveCfg = Release|Any CPU
		{91B1AD02-BD73-4B37-BCF6-8167B406552B}.Release|Any CPU.Build.0 = Release|Any CPU
		{91B1AD02-BD73-4B37-BCF6-8167B406552B}.Release|x64.ActiveCfg = Release|Any CPU
		{91B1AD02-BD73-4B37-BCF6-8167B406552B}.Release|x64.Build.0 = Release|Any CPU
		{91B1AD02-BD73-4B37-BCF6-8167B406552B}.Release|x86.ActiveCfg = Release|Any CPU
		{91B1AD02-BD73-4B37-BCF6-8167B406552B}.Release|x86.Build.0 = Release|Any CPU
	EndGlobalSection
	GlobalSection(SolutionProperties) = preSolution
		HideSolutionNode = FALSE
	EndGlobalSection
	GlobalSection(NestedProjects) = preSolution
		{8C419F92-B45F-452B-9B58-DDD7D73595CA} = {827E0CD3-B72D-47B6-A68D-7590B98EB39B}
		{66B2595B-03AD-4FE4-B79B-5B4647986A98} = {827E0CD3-B72D-47B6-A68D-7590B98EB39B}
		{E6E29032-D46D-478D-8A48-6A2640DA2F49} = {827E0CD3-B72D-47B6-A68D-7590B98EB39B}
		{259D9098-BF49-4FDD-857D-BFB612151359} = {827E0CD3-B72D-47B6-A68D-7590B98EB39B}
		{D9D47A31-6A53-4DEB-9D15-AC41482843F8} = {0AB3BF05-4346-4AA6-1389-037BE0695223}
		{91B1AD02-BD73-4B37-BCF6-8167B406552B} = {0AB3BF05-4346-4AA6-1389-037BE0695223}
	EndGlobalSection
EndGlobal
